
Microsoft Visual Studio Solution File, Format Version 12.00
# Visual Studio Version 17
VisualStudioVersion = 17.7.34202.233
MinimumVisualStudioVersion = 10.0.40219.1
Project("{9A19103F-16F7-4668-BE54-9A1E7A4F7556}") = "Lebron", "Lebron\Lebron.csproj", "{077F2C92-F082-466E-8C5E-0EE78B98DE78}"
EndProject
Project("{9A19103F-16F7-4668-BE54-9A1E7A4F7556}") = "EntityLayer", "EntityLayer\EntityLayer.csproj", "{8713003D-7309-42B1-8FF9-B2FEB74FFA03}"
EndProject
Project("{9A19103F-16F7-4668-BE54-9A1E7A4F7556}") = "DataAccessLayer", "DataAccessLayer\DataAccessLayer.csproj", "{FFA02848-9ABF-4598-B25E-131829E4580F}"
EndProject
Project("{9A19103F-16F7-4668-BE54-9A1E7A4F7556}") = "BusinessLayer", "BusinessLayer\BusinessLayer.csproj", "{E965A67A-E51F-46DF-94CC-A7267F4E9F28}"
EndProject
Project("{9A19103F-16F7-4668-BE54-9A1E7A4F7556}") = "CoreLayer", "CoreLayer\CoreLayer.csproj", "{BFD51052-9BC5-4927-8358-BE5A0495F497}"
EndProject
Global
	GlobalSection(SolutionConfigurationPlatforms) = preSolution
		Debug|Any CPU = Debug|Any CPU
		Release|Any CPU = Release|Any CPU
	EndGlobalSection
	GlobalSection(ProjectConfigurationPlatforms) = postSolution
		{077F2C92-F082-466E-8C5E-0EE78B98DE78}.Debug|Any CPU.ActiveCfg = Debug|Any CPU
		{077F2C92-F082-466E-8C5E-0EE78B98DE78}.Debug|Any CPU.Build.0 = Debug|Any CPU
		{077F2C92-F082-466E-8C5E-0EE78B98DE78}.Release|Any CPU.ActiveCfg = Release|Any CPU
		{077F2C92-F082-466E-8C5E-0EE78B98DE78}.Release|Any CPU.Build.0 = Release|Any CPU
		{8713003D-7309-42B1-8FF9-B2FEB74FFA03}.Debug|Any CPU.ActiveCfg = Debug|Any CPU
		{8713003D-7309-42B1-8FF9-B2FEB74FFA03}.Debug|Any CPU.Build.0 = Debug|Any CPU
		{8713003D-7309-42B1-8FF9-B2FEB74FFA03}.Release|Any CPU.ActiveCfg = Release|Any CPU
		{8713003D-7309-42B1-8FF9-B2FEB74FFA03}.Release|Any CPU.Build.0 = Release|Any CPU
		{FFA02848-9ABF-4598-B25E-131829E4580F}.Debug|Any CPU.ActiveCfg = Debug|Any CPU
		{FFA02848-9ABF-4598-B25E-131829E4580F}.Debug|Any CPU.Build.0 = Debug|Any CPU
		{FFA02848-9ABF-4598-B25E-131829E4580F}.Release|Any CPU.ActiveCfg = Release|Any CPU
		{FFA02848-9ABF-4598-B25E-131829E4580F}.Release|Any CPU.Build.0 = Release|Any CPU
		{E965A67A-E51F-46DF-94CC-A7267F4E9F28}.Debug|Any CPU.ActiveCfg = Debug|Any CPU
		{E965A67A-E51F-46DF-94CC-A7267F4E9F28}.Debug|Any CPU.Build.0 = Debug|Any CPU
		{E965A67A-E51F-46DF-94CC-A7267F4E9F28}.Release|Any CPU.ActiveCfg = Release|Any CPU
		{E965A67A-E51F-46DF-94CC-A7267F4E9F28}.Release|Any CPU.Build.0 = Release|Any CPU
		{BFD51052-9BC5-4927-8358-BE5A0495F497}.Debug|Any CPU.ActiveCfg = Debug|Any CPU
		{BFD51052-9BC5-4927-8358-BE5A0495F497}.Debug|Any CPU.Build.0 = Debug|Any CPU
		{BFD51052-9BC5-4927-8358-BE5A0495F497}.Release|Any CPU.ActiveCfg = Release|Any CPU
		{BFD51052-9BC5-4927-8358-BE5A0495F497}.Release|Any CPU.Build.0 = Release|Any CPU
	EndGlobalSection
	GlobalSection(SolutionProperties) = preSolution
		HideSolutionNode = FALSE
	EndGlobalSection
	GlobalSection(ExtensibilityGlobals) = postSolution
		SolutionGuid = {74E2FB4B-0D6B-4984-B9B1-E9BBCE6CBE55}
	EndGlobalSection
EndGlobal
